# THIS IS AN AUTOGENERATED FILE. DO NOT EDIT THIS FILE DIRECTLY.
# yarn lockfile v1


"@babel/runtime@^7.21.0":
  version "7.23.2"
  resolved "https://botbuilder.myget.org/F/botbuilder-v4-js-daily/npm/@babel/runtime/-/@babel/runtime-7.23.2.tgz"
  integrity sha1-BisKwQMmHWipZsTHuvKuPmLsOIU=
  dependencies:
    regenerator-runtime "^0.14.0"

"@mongodb-js/saslprep@^1.1.0":
  version "1.1.0"
  resolved "https://botbuilder.myget.org/F/botbuilder-v4-js-daily/npm/@mongodb-js/saslprep/-/@mongodb-js/saslprep-1.1.0.tgz"
  integrity sha1-Ai+jZiCnKH0XrNBcSq4eXzkNJQ0=
  dependencies:
    sparse-bitfield "^3.0.3"

"@types/node@*":
  version "20.7.1"
  resolved "https://botbuilder.myget.org/F/botbuilder-v4-js-daily/npm/@types/node/-/@types/node-20.7.1.tgz"
  integrity sha1-Btcy6tC9Wtl47w6py96yTchxdRQ=

"@types/webidl-conversions@*":
  version "7.0.1"
  resolved "https://botbuilder.myget.org/F/botbuilder-v4-js-daily/npm/@types/webidl-conversions/-/@types/webidl-conversions-7.0.1.tgz"
  integrity sha1-K5ogYrOacnI0PBhc24hPLlIYj3U=

"@types/whatwg-url@^8.2.1":
  version "8.2.2"
  resolved "https://botbuilder.myget.org/F/botbuilder-v4-js-daily/npm/@types/whatwg-url/-/@types/whatwg-url-8.2.2.tgz"
  integrity sha1-dJ1bOHPoRYl62pm+REgEHUzDnmM=
  dependencies:
    "@types/node" "*"
    "@types/webidl-conversions" "*"

accepts@~1.3.8:
  version "1.3.8"
  resolved "https://botbuilder.myget.org/F/botbuilder-v4-js-daily/npm/accepts/-/accepts-1.3.8.tgz"
  integrity sha1-C/C+EltnAUrcsLCSHmLbe//hay4=
  dependencies:
    mime-types "~2.1.34"
    negotiator "0.6.3"

ansi-regex@^5.0.1:
  version "5.0.1"
  resolved "https://botbuilder.myget.org/F/botbuilder-v4-js-daily/npm/ansi-regex/-/ansi-regex-5.0.1.tgz"
  integrity sha1-CCyyyJyf6GWaMRpTvWpNxTAdswQ=

ansi-styles@^4.0.0, ansi-styles@^4.1.0:
  version "4.3.0"
  resolved "https://botbuilder.myget.org/F/botbuilder-v4-js-daily/npm/ansi-styles/-/ansi-styles-4.3.0.tgz"
  integrity sha1-7dgDYornHATIWuegkG7a00tkiTc=
  dependencies:
    color-convert "^2.0.1"

append-field@^1.0.0:
  version "1.0.0"
  resolved "https://botbuilder.myget.org/F/botbuilder-v4-js-daily/npm/append-field/-/append-field-1.0.0.tgz"
  integrity sha1-HjRA6RXwsSA9I3SOeO3XubW0PlY=

array-flatten@1.1.1:
  version "1.1.1"
  resolved "https://botbuilder.myget.org/F/botbuilder-v4-js-daily/npm/array-flatten/-/array-flatten-1.1.1.tgz"
  integrity sha1-ml9pkFGx5wczKPKgCJaLZOopVdI=

bcryptjs@^2.4.3:
  version "2.4.3"
  resolved "https://botbuilder.myget.org/F/botbuilder-v4-js-daily/npm/bcryptjs/-/bcryptjs-2.4.3.tgz"
  integrity sha1-mrVie5PmBiH/fNrF2pczAn3x0Ms=

body-parser@1.20.1:
  version "1.20.1"
  resolved "https://botbuilder.myget.org/F/botbuilder-v4-js-daily/npm/body-parser/-/body-parser-1.20.1.tgz"
  integrity sha1-sYEqiRLBlc03Gj7l5m+qIzilxmg=
  dependencies:
    bytes "3.1.2"
    content-type "~1.0.4"
    debug "2.6.9"
    depd "2.0.0"
    destroy "1.2.0"
    http-errors "2.0.0"
    iconv-lite "0.4.24"
    on-finished "2.4.1"
    qs "6.11.0"
    raw-body "2.5.1"
    type-is "~1.6.18"
    unpipe "1.0.0"

bson@^5.4.0:
  version "5.5.0"
  resolved "https://botbuilder.myget.org/F/botbuilder-v4-js-daily/npm/bson/-/bson-5.5.0.tgz"
  integrity sha1-pBnMafNo0t7zuLIuoD7Ryb5A5T8=

buffer-equal-constant-time@1.0.1:
  version "1.0.1"
  resolved "https://botbuilder.myget.org/F/botbuilder-v4-js-daily/npm/buffer-equal-constant-time/-/buffer-equal-constant-time-1.0.1.tgz"
  integrity sha1-+OcRMvf/5uAaXJaXpMbz5I1cyBk=

buffer-from@^1.0.0:
  version "1.1.2"
  resolved "https://botbuilder.myget.org/F/botbuilder-v4-js-daily/npm/buffer-from/-/buffer-from-1.1.2.tgz"
  integrity sha1-KxRqb9cugLT1XSVfNe1Zo6mkG9U=

busboy@^1.0.0:
  version "1.6.0"
  resolved "https://botbuilder.myget.org/F/botbuilder-v4-js-daily/npm/busboy/-/busboy-1.6.0.tgz"
  integrity sha1-lm6japUC5DzbkUaWJSO5L1MfaJM=
  dependencies:
    streamsearch "^1.1.0"

bytes@3.1.2:
  version "3.1.2"
  resolved "https://botbuilder.myget.org/F/botbuilder-v4-js-daily/npm/bytes/-/bytes-3.1.2.tgz"
  integrity sha1-iwvuuYYFrfGxKPpDhkA8AJ4CIaU=

call-bind@^1.0.0:
  version "1.0.2"
  resolved "https://botbuilder.myget.org/F/botbuilder-v4-js-daily/npm/call-bind/-/call-bind-1.0.2.tgz"
  integrity sha1-sdTonmiBGcPJqQOtMKuy9qkZvjw=
  dependencies:
    function-bind "^1.1.1"
    get-intrinsic "^1.0.2"

chalk@^4.1.2:
  version "4.1.2"
  resolved "https://botbuilder.myget.org/F/botbuilder-v4-js-daily/npm/chalk/-/chalk-4.1.2.tgz"
  integrity sha1-qsTit3NKdAhnrrFr8CqtVWoeegE=
  dependencies:
    ansi-styles "^4.1.0"
    supports-color "^7.1.0"

cliui@^8.0.1:
  version "8.0.1"
  resolved "https://botbuilder.myget.org/F/botbuilder-v4-js-daily/npm/cliui/-/cliui-8.0.1.tgz"
  integrity sha1-DASwddsCy/5g3I5s8vVIaxo2CKo=
  dependencies:
    string-width "^4.2.0"
    strip-ansi "^6.0.1"
    wrap-ansi "^7.0.0"

color-convert@^2.0.1:
  version "2.0.1"
  resolved "https://botbuilder.myget.org/F/botbuilder-v4-js-daily/npm/color-convert/-/color-convert-2.0.1.tgz"
  integrity sha1-ctOmjVmMm9s68q0ehPIdiWq9TeM=
  dependencies:
    color-name "~1.1.4"

color-name@~1.1.4:
  version "1.1.4"
  resolved "https://botbuilder.myget.org/F/botbuilder-v4-js-daily/npm/color-name/-/color-name-1.1.4.tgz"
  integrity sha1-wqCah6y95pVD3m9j+jmVyCbFNqI=

concat-stream@^1.5.2:
  version "1.6.2"
  resolved "https://botbuilder.myget.org/F/botbuilder-v4-js-daily/npm/concat-stream/-/concat-stream-1.6.2.tgz"
  integrity sha1-kEvfGUzTEi/Gdcd/xKw9T/D9GjQ=
  dependencies:
    buffer-from "^1.0.0"
    inherits "^2.0.3"
    readable-stream "^2.2.2"
    typedarray "^0.0.6"

concurrently@^8.2.1:
  version "8.2.1"
  resolved "https://botbuilder.myget.org/F/botbuilder-v4-js-daily/npm/concurrently/-/concurrently-8.2.1.tgz"
  integrity sha1-vKucrMOMI8UDg5WDFR4PqW/VtYQ=
  dependencies:
    chalk "^4.1.2"
    date-fns "^2.30.0"
    lodash "^4.17.21"
    rxjs "^7.8.1"
    shell-quote "^1.8.1"
    spawn-command "0.0.2"
    supports-color "^8.1.1"
    tree-kill "^1.2.2"
    yargs "^17.7.2"

content-disposition@0.5.4:
  version "0.5.4"
  resolved "https://botbuilder.myget.org/F/botbuilder-v4-js-daily/npm/content-disposition/-/content-disposition-0.5.4.tgz"
  integrity sha1-i4K076yCUSoCuwsdzsnSxejrW/4=
  dependencies:
    safe-buffer "5.2.1"

content-type@~1.0.4:
  version "1.0.5"
  resolved "https://botbuilder.myget.org/F/botbuilder-v4-js-daily/npm/content-type/-/content-type-1.0.5.tgz"
  integrity sha1-i3cxYmVtHRCGeEyPI6VM5tc9eRg=

cookie-parser@^1.4.6:
  version "1.4.6"
  resolved "https://botbuilder.myget.org/F/botbuilder-v4-js-daily/npm/cookie-parser/-/cookie-parser-1.4.6.tgz"
  integrity sha1-OsOn01p6A7vH42UHOiYHSCQhRZQ=
  dependencies:
    cookie "0.4.1"
    cookie-signature "1.0.6"

cookie-signature@1.0.6:
  version "1.0.6"
  resolved "https://botbuilder.myget.org/F/botbuilder-v4-js-daily/npm/cookie-signature/-/cookie-signature-1.0.6.tgz"
  integrity sha1-4wOogrNCzD7oylE6eZmXNNqzriw=

cookie@0.4.1:
  version "0.4.1"
  resolved "https://botbuilder.myget.org/F/botbuilder-v4-js-daily/npm/cookie/-/cookie-0.4.1.tgz"
  integrity sha1-r9cT/ibr0hupXOth+agRblClN9E=

cookie@0.5.0:
  version "0.5.0"
  resolved "https://botbuilder.myget.org/F/botbuilder-v4-js-daily/npm/cookie/-/cookie-0.5.0.tgz"
  integrity sha1-0fXXGt7GVYxY84mYfDZqpH6ZT4s=

cookies-parser@^1.2.0:
  version "1.2.0"
  resolved "https://botbuilder.myget.org/F/botbuilder-v4-js-daily/npm/cookies-parser/-/cookies-parser-1.2.0.tgz"
  integrity sha1-t3R0xE3lilhn2BZGaf7U6iuaLpU=
  dependencies:
    tough-cookie "^2.3.2"

core-util-is@~1.0.0:
  version "1.0.3"
  resolved "https://botbuilder.myget.org/F/botbuilder-v4-js-daily/npm/core-util-is/-/core-util-is-1.0.3.tgz"
  integrity sha1-pgQtNjTCsn6TKPg3uWX6yDgI24U=

cors@^2.8.5:
  version "2.8.5"
  resolved "https://botbuilder.myget.org/F/botbuilder-v4-js-daily/npm/cors/-/cors-2.8.5.tgz"
  integrity sha1-6sEdpRWS3Ya58G9uesKTs9+HXSk=
  dependencies:
    object-assign "^4"
    vary "^1"

date-fns@^2.30.0:
  version "2.30.0"
  resolved "https://botbuilder.myget.org/F/botbuilder-v4-js-daily/npm/date-fns/-/date-fns-2.30.0.tgz"
  integrity sha1-82fmRIOf9XiU7GrEgN5AyuSw9NA=
  dependencies:
    "@babel/runtime" "^7.21.0"

debug@2.6.9:
  version "2.6.9"
  resolved "https://botbuilder.myget.org/F/botbuilder-v4-js-daily/npm/debug/-/debug-2.6.9.tgz"
  integrity sha1-XRKFFd8TT/Mn6QpMk/Tgd6U2NB8=
  dependencies:
    ms "2.0.0"

debug@4.x:
  version "4.3.4"
  resolved "https://botbuilder.myget.org/F/botbuilder-v4-js-daily/npm/debug/-/debug-4.3.4.tgz"
  integrity sha1-Exn2V5NX8jONMzfSzdSRS7XcyGU=
  dependencies:
    ms "2.1.2"

depd@2.0.0:
  version "2.0.0"
  resolved "https://botbuilder.myget.org/F/botbuilder-v4-js-daily/npm/depd/-/depd-2.0.0.tgz"
  integrity sha1-tpYWPMdXVg0JzyLMj60Vcbeedt8=

destroy@1.2.0:
  version "1.2.0"
  resolved "https://botbuilder.myget.org/F/botbuilder-v4-js-daily/npm/destroy/-/destroy-1.2.0.tgz"
  integrity sha1-SANzVQmti+VSk0xn32FPlOZvoBU=

dotenv@^16.3.1:
  version "16.3.1"
  resolved "https://botbuilder.myget.org/F/botbuilder-v4-js-daily/npm/dotenv/-/dotenv-16.3.1.tgz"
  integrity sha1-NpA03n1+WxIJcmkzUqO/ESFyzD4=

ecdsa-sig-formatter@1.0.11:
  version "1.0.11"
  resolved "https://botbuilder.myget.org/F/botbuilder-v4-js-daily/npm/ecdsa-sig-formatter/-/ecdsa-sig-formatter-1.0.11.tgz"
  integrity sha1-rg8PothQRe8UqBfao86azQSJ5b8=
  dependencies:
    safe-buffer "^5.0.1"

ee-first@1.1.1:
  version "1.1.1"
  resolved "https://botbuilder.myget.org/F/botbuilder-v4-js-daily/npm/ee-first/-/ee-first-1.1.1.tgz"
  integrity sha1-WQxhFWsK4vTwJVcyoViyZrxWsh0=

emoji-regex@^8.0.0:
  version "8.0.0"
  resolved "https://botbuilder.myget.org/F/botbuilder-v4-js-daily/npm/emoji-regex/-/emoji-regex-8.0.0.tgz"
  integrity sha1-6Bj9ac5cz8tARZT4QpY79TFkzDc=

encodeurl@~1.0.2:
  version "1.0.2"
  resolved "https://botbuilder.myget.org/F/botbuilder-v4-js-daily/npm/encodeurl/-/encodeurl-1.0.2.tgz"
  integrity sha1-rT/0yG7C0CkyL1oCw6mmBslbP1k=

escalade@^3.1.1:
  version "3.1.1"
  resolved "https://botbuilder.myget.org/F/botbuilder-v4-js-daily/npm/escalade/-/escalade-3.1.1.tgz"
  integrity sha1-2M/ccACWXFoBdLSoLqpcBVJ0LkA=

escape-html@~1.0.3:
  version "1.0.3"
  resolved "https://botbuilder.myget.org/F/botbuilder-v4-js-daily/npm/escape-html/-/escape-html-1.0.3.tgz"
  integrity sha1-Aljq5NPQwJdN4cFpGI7wBR0dGYg=

etag@~1.8.1:
  version "1.8.1"
  resolved "https://botbuilder.myget.org/F/botbuilder-v4-js-daily/npm/etag/-/etag-1.8.1.tgz"
  integrity sha1-Qa4u62XvpiJorr/qg6x9eSmbCIc=

express@^4.18.2:
  version "4.18.2"
  resolved "https://botbuilder.myget.org/F/botbuilder-v4-js-daily/npm/express/-/express-4.18.2.tgz"
  integrity sha1-P6vggpbpMMeWwZ48UWl5OGup/Vk=
  dependencies:
    accepts "~1.3.8"
    array-flatten "1.1.1"
    body-parser "1.20.1"
    content-disposition "0.5.4"
    content-type "~1.0.4"
    cookie "0.5.0"
    cookie-signature "1.0.6"
    debug "2.6.9"
    depd "2.0.0"
    encodeurl "~1.0.2"
    escape-html "~1.0.3"
    etag "~1.8.1"
    finalhandler "1.2.0"
    fresh "0.5.2"
    http-errors "2.0.0"
    merge-descriptors "1.0.1"
    methods "~1.1.2"
    on-finished "2.4.1"
    parseurl "~1.3.3"
    path-to-regexp "0.1.7"
    proxy-addr "~2.0.7"
    qs "6.11.0"
    range-parser "~1.2.1"
    safe-buffer "5.2.1"
    send "0.18.0"
    serve-static "1.15.0"
    setprototypeof "1.2.0"
    statuses "2.0.1"
    type-is "~1.6.18"
    utils-merge "1.0.1"
    vary "~1.1.2"

finalhandler@1.2.0:
  version "1.2.0"
  resolved "https://botbuilder.myget.org/F/botbuilder-v4-js-daily/npm/finalhandler/-/finalhandler-1.2.0.tgz"
  integrity sha1-fSP+VzGyB7RkDk/NAK7B+SB6ezI=
  dependencies:
    debug "2.6.9"
    encodeurl "~1.0.2"
    escape-html "~1.0.3"
    on-finished "2.4.1"
    parseurl "~1.3.3"
    statuses "2.0.1"
    unpipe "~1.0.0"

follow-redirects@^1.15.0:
  version "1.15.3"
  resolved "https://botbuilder.myget.org/F/botbuilder-v4-js-daily/npm/follow-redirects/-/follow-redirects-1.15.3.tgz"
  integrity sha1-/i8+8mkK/OfoLtC0TbCBZbIHEjo=

forwarded@0.2.0:
  version "0.2.0"
  resolved "https://botbuilder.myget.org/F/botbuilder-v4-js-daily/npm/forwarded/-/forwarded-0.2.0.tgz"
  integrity sha1-ImmTZCiq1MFcfr6XeahL8LKoGBE=

fresh@0.5.2:
  version "0.5.2"
  resolved "https://botbuilder.myget.org/F/botbuilder-v4-js-daily/npm/fresh/-/fresh-0.5.2.tgz"
  integrity sha1-PYyt2Q2XZWn6g1qx+OSyOhBWBac=

function-bind@^1.1.1:
  version "1.1.1"
  resolved "https://botbuilder.myget.org/F/botbuilder-v4-js-daily/npm/function-bind/-/function-bind-1.1.1.tgz"
  integrity sha1-pWiZ0+o8m6uHS7l3O3xe3pL0iV0=

get-caller-file@^2.0.5:
  version "2.0.5"
  resolved "https://botbuilder.myget.org/F/botbuilder-v4-js-daily/npm/get-caller-file/-/get-caller-file-2.0.5.tgz"
  integrity sha1-T5RBKoLbMvNuOwuXQfipf+sDH34=

get-intrinsic@^1.0.2:
  version "1.2.1"
  resolved "https://botbuilder.myget.org/F/botbuilder-v4-js-daily/npm/get-intrinsic/-/get-intrinsic-1.2.1.tgz"
  integrity sha1-0pVkT+1FBfyc3pUsN+4StHeoPYI=
  dependencies:
    function-bind "^1.1.1"
    has "^1.0.3"
    has-proto "^1.0.1"
    has-symbols "^1.0.3"

has-flag@^4.0.0:
  version "4.0.0"
  resolved "https://botbuilder.myget.org/F/botbuilder-v4-js-daily/npm/has-flag/-/has-flag-4.0.0.tgz"
  integrity sha1-lEdx/ZyByBJlxNaUGGDaBrtZR5s=

has-proto@^1.0.1:
  version "1.0.1"
  resolved "https://botbuilder.myget.org/F/botbuilder-v4-js-daily/npm/has-proto/-/has-proto-1.0.1.tgz"
  integrity sha1-GIXBMFU4lYr/Rp/vN5N8InlUCOA=

has-symbols@^1.0.3:
  version "1.0.3"
  resolved "https://botbuilder.myget.org/F/botbuilder-v4-js-daily/npm/has-symbols/-/has-symbols-1.0.3.tgz"
  integrity sha1-u3ssQ0klHc6HsSX3vfh0qnyLOfg=

has@^1.0.3:
  version "1.0.3"
  resolved "https://botbuilder.myget.org/F/botbuilder-v4-js-daily/npm/has/-/has-1.0.3.tgz"
  integrity sha1-ci18v8H2qoJB8W3YFOAR4fQeh5Y=
  dependencies:
    function-bind "^1.1.1"

http-errors@2.0.0:
  version "2.0.0"
  resolved "https://botbuilder.myget.org/F/botbuilder-v4-js-daily/npm/http-errors/-/http-errors-2.0.0.tgz"
  integrity sha1-t3dKFIbvc892Z6ya4IWMASxXudM=
  dependencies:
    depd "2.0.0"
    inherits "2.0.4"
    setprototypeof "1.2.0"
    statuses "2.0.1"
    toidentifier "1.0.1"

iconv-lite@0.4.24:
  version "0.4.24"
  resolved "https://botbuilder.myget.org/F/botbuilder-v4-js-daily/npm/iconv-lite/-/iconv-lite-0.4.24.tgz"
  integrity sha1-ICK0sl+93CHS9SSXSkdKr+czkIs=
  dependencies:
    safer-buffer ">= 2.1.2 < 3"

image-downloader@^4.3.0:
  version "4.3.0"
  resolved "https://botbuilder.myget.org/F/botbuilder-v4-js-daily/npm/image-downloader/-/image-downloader-4.3.0.tgz"
  integrity sha1-G8YBLUwe7q6Ct8q62hPF0DWQRfQ=
  dependencies:
    follow-redirects "^1.15.0"

inherits@^2.0.3, inherits@~2.0.3, inherits@2.0.4:
  version "2.0.4"
  resolved "https://botbuilder.myget.org/F/botbuilder-v4-js-daily/npm/inherits/-/inherits-2.0.4.tgz"
  integrity sha1-D6LGT5MpF8NDOg3tVTY6rjdBa3w=

ip@^2.0.0:
  version "2.0.0"
  resolved "https://botbuilder.myget.org/F/botbuilder-v4-js-daily/npm/ip/-/ip-2.0.0.tgz"
  integrity sha1-TPSrGC/uIxTHXt4SdvjIC0eZNto=

ipaddr.js@1.9.1:
  version "1.9.1"
  resolved "https://botbuilder.myget.org/F/botbuilder-v4-js-daily/npm/ipaddr.js/-/ipaddr.js-1.9.1.tgz"
  integrity sha1-v/OFQ+64mEglB5/zoqjmy9RngbM=

is-fullwidth-code-point@^3.0.0:
  version "3.0.0"
  resolved "https://botbuilder.myget.org/F/botbuilder-v4-js-daily/npm/is-fullwidth-code-point/-/is-fullwidth-code-point-3.0.0.tgz"
  integrity sha1-8Rb4Bk/pCz94RKOJl8C3UFEmnx0=

isarray@~1.0.0:
  version "1.0.0"
  resolved "https://botbuilder.myget.org/F/botbuilder-v4-js-daily/npm/isarray/-/isarray-1.0.0.tgz"
  integrity sha1-u5NdSFgsuhaMBoNJV6VKPgcSTxE=

jsonwebtoken@^9.0.2:
  version "9.0.2"
  resolved "https://botbuilder.myget.org/F/botbuilder-v4-js-daily/npm/jsonwebtoken/-/jsonwebtoken-9.0.2.tgz"
  integrity sha1-Zf+R9KvvF4RpfUCVK7GZjFBMqvM=
  dependencies:
    jws "^3.2.2"
    lodash.includes "^4.3.0"
    lodash.isboolean "^3.0.3"
    lodash.isinteger "^4.0.4"
    lodash.isnumber "^3.0.3"
    lodash.isplainobject "^4.0.6"
    lodash.isstring "^4.0.1"
    lodash.once "^4.0.0"
    ms "^2.1.1"
    semver "^7.5.4"

jwa@^1.4.1:
  version "1.4.1"
  resolved "https://botbuilder.myget.org/F/botbuilder-v4-js-daily/npm/jwa/-/jwa-1.4.1.tgz"
  integrity sha1-dDwymFy56YZVUw1TZBtmyGRbA5o=
  dependencies:
    buffer-equal-constant-time "1.0.1"
    ecdsa-sig-formatter "1.0.11"
    safe-buffer "^5.0.1"

jws@^3.2.2:
  version "3.2.2"
  resolved "https://botbuilder.myget.org/F/botbuilder-v4-js-daily/npm/jws/-/jws-3.2.2.tgz"
  integrity sha1-ABCZ82OUaMlBQADpmZX6UvtHgwQ=
  dependencies:
    jwa "^1.4.1"
    safe-buffer "^5.0.1"

kareem@2.5.1:
  version "2.5.1"
  resolved "https://botbuilder.myget.org/F/botbuilder-v4-js-daily/npm/kareem/-/kareem-2.5.1.tgz"
  integrity sha1-e4ID4RgZqOd6NLNRfT6tIGdk0V0=

lodash.includes@^4.3.0:
  version "4.3.0"
  resolved "https://botbuilder.myget.org/F/botbuilder-v4-js-daily/npm/lodash.includes/-/lodash.includes-4.3.0.tgz"
  integrity sha1-YLuYqHy5I8aMoeUTJUgzFISfVT8=

lodash.isboolean@^3.0.3:
  version "3.0.3"
  resolved "https://botbuilder.myget.org/F/botbuilder-v4-js-daily/npm/lodash.isboolean/-/lodash.isboolean-3.0.3.tgz"
  integrity sha1-bC4XHbKiV82WgC/UOwGyDV9YcPY=

lodash.isinteger@^4.0.4:
  version "4.0.4"
  resolved "https://botbuilder.myget.org/F/botbuilder-v4-js-daily/npm/lodash.isinteger/-/lodash.isinteger-4.0.4.tgz"
  integrity sha1-YZwK89A/iwTDH1iChAt3sRzWg0M=

lodash.isnumber@^3.0.3:
  version "3.0.3"
  resolved "https://botbuilder.myget.org/F/botbuilder-v4-js-daily/npm/lodash.isnumber/-/lodash.isnumber-3.0.3.tgz"
  integrity sha1-POdoEMWSjQM1IwGsKHMX8RwLH/w=

lodash.isplainobject@^4.0.6:
  version "4.0.6"
  resolved "https://botbuilder.myget.org/F/botbuilder-v4-js-daily/npm/lodash.isplainobject/-/lodash.isplainobject-4.0.6.tgz"
  integrity sha1-fFJqUtibRcRcxpC4gWO+BJf1UMs=

lodash.isstring@^4.0.1:
  version "4.0.1"
  resolved "https://botbuilder.myget.org/F/botbuilder-v4-js-daily/npm/lodash.isstring/-/lodash.isstring-4.0.1.tgz"
  integrity sha1-1SfftUVuynzJu5XV2ur4i6VKVFE=

lodash.once@^4.0.0:
  version "4.1.1"
  resolved "https://botbuilder.myget.org/F/botbuilder-v4-js-daily/npm/lodash.once/-/lodash.once-4.1.1.tgz"
  integrity sha1-DdOXEhPHxW34gJd9UEyI+0cal6w=

lodash@^4.17.21:
  version "4.17.21"
  resolved "https://botbuilder.myget.org/F/botbuilder-v4-js-daily/npm/lodash/-/lodash-4.17.21.tgz"
  integrity sha1-Z5WRxWTDv/quhFTPCz3zcMPWkRw=

lru-cache@^6.0.0:
  version "6.0.0"
  resolved "https://botbuilder.myget.org/F/botbuilder-v4-js-daily/npm/lru-cache/-/lru-cache-6.0.0.tgz"
  integrity sha1-bW/mVw69lqr5D8rR2vo7JWbbOpQ=
  dependencies:
    yallist "^4.0.0"

media-typer@0.3.0:
  version "0.3.0"
  resolved "https://botbuilder.myget.org/F/botbuilder-v4-js-daily/npm/media-typer/-/media-typer-0.3.0.tgz"
  integrity sha1-hxDXrwqmJvj/+hzgAWhUUmMlV0g=

memory-pager@^1.0.2:
  version "1.5.0"
  resolved "https://botbuilder.myget.org/F/botbuilder-v4-js-daily/npm/memory-pager/-/memory-pager-1.5.0.tgz"
  integrity sha1-2HUWVdItOEaCdByXLyw9bfo+ZrU=

merge-descriptors@1.0.1:
  version "1.0.1"
  resolved "https://botbuilder.myget.org/F/botbuilder-v4-js-daily/npm/merge-descriptors/-/merge-descriptors-1.0.1.tgz"
  integrity sha1-sAqqVW3YtEVoFQ7J0blT8/kMu2E=

methods@~1.1.2:
  version "1.1.2"
  resolved "https://botbuilder.myget.org/F/botbuilder-v4-js-daily/npm/methods/-/methods-1.1.2.tgz"
  integrity sha1-VSmk1nZUE07cxSZmVoNbD4Ua/O4=

mime-db@1.52.0:
  version "1.52.0"
  resolved "https://botbuilder.myget.org/F/botbuilder-v4-js-daily/npm/mime-db/-/mime-db-1.52.0.tgz"
  integrity sha1-u6vNwChZ9JhzAchW4zh85exDv3A=

mime-types@~2.1.24, mime-types@~2.1.34:
  version "2.1.35"
  resolved "https://botbuilder.myget.org/F/botbuilder-v4-js-daily/npm/mime-types/-/mime-types-2.1.35.tgz"
  integrity sha1-OBqHG2KnNEUGYK497uRIE/cNlZo=
  dependencies:
    mime-db "1.52.0"

mime@1.6.0:
  version "1.6.0"
  resolved "https://botbuilder.myget.org/F/botbuilder-v4-js-daily/npm/mime/-/mime-1.6.0.tgz"
  integrity sha1-Ms2eXGRVO9WNGaVor0Uqz/BJgbE=

minimist@^1.2.6:
  version "1.2.8"
  resolved "https://botbuilder.myget.org/F/botbuilder-v4-js-daily/npm/minimist/-/minimist-1.2.8.tgz"
  integrity sha1-waRk52kzAuCCoHXO4MBXdBrEdyw=

mkdirp@^0.5.4:
  version "0.5.6"
  resolved "https://botbuilder.myget.org/F/botbuilder-v4-js-daily/npm/mkdirp/-/mkdirp-0.5.6.tgz"
  integrity sha1-fe8D0kMtyuS6HWEURcSDlgYiVfY=
  dependencies:
    minimist "^1.2.6"

mongodb-connection-string-url@^2.6.0:
  version "2.6.0"
  resolved "https://botbuilder.myget.org/F/botbuilder-v4-js-daily/npm/mongodb-connection-string-url/-/mongodb-connection-string-url-2.6.0.tgz"
  integrity sha1-V5Ab81I3Kr3egSyBvke3XGsuxc8=
  dependencies:
    "@types/whatwg-url" "^8.2.1"
    whatwg-url "^11.0.0"

mongodb@5.8.1:
  version "5.8.1"
  resolved "https://botbuilder.myget.org/F/botbuilder-v4-js-daily/npm/mongodb/-/mongodb-5.8.1.tgz"
  integrity sha1-3CAa371sbXNAHNzxLr23XxR3H68=
  dependencies:
    bson "^5.4.0"
    mongodb-connection-string-url "^2.6.0"
    socks "^2.7.1"
  optionalDependencies:
    "@mongodb-js/saslprep" "^1.1.0"

mongoose@^7.5.3:
  version "7.5.3"
  resolved "https://botbuilder.myget.org/F/botbuilder-v4-js-daily/npm/mongoose/-/mongoose-7.5.3.tgz"
  integrity sha1-ie9n+BJcEaDk23AxfH9qcwFRxSU=
  dependencies:
    bson "^5.4.0"
    kareem "2.5.1"
    mongodb "5.8.1"
    mpath "0.9.0"
    mquery "5.0.0"
    ms "2.1.3"
    sift "16.0.1"

mpath@0.9.0:
  version "0.9.0"
  resolved "https://botbuilder.myget.org/F/botbuilder-v4-js-daily/npm/mpath/-/mpath-0.9.0.tgz"
  integrity sha1-DBIv4QeEbjH8WMdbCcNVFLOHGQQ=

mquery@5.0.0:
  version "5.0.0"
  resolved "https://botbuilder.myget.org/F/botbuilder-v4-js-daily/npm/mquery/-/mquery-5.0.0.tgz"
  integrity sha1-qVvl38YQsjhi3zSkfT5dYOEQaV0=
  dependencies:
    debug "4.x"

ms@^2.1.1, ms@2.1.3:
  version "2.1.3"
  resolved "https://botbuilder.myget.org/F/botbuilder-v4-js-daily/npm/ms/-/ms-2.1.3.tgz"
  integrity sha1-V0yBOM4dK1hh8LRFedut1gxmFbI=

ms@2.0.0:
  version "2.0.0"
  resolved "https://botbuilder.myget.org/F/botbuilder-v4-js-daily/npm/ms/-/ms-2.0.0.tgz"
  integrity sha1-VgiurfwAvmwpAd9fmGF4jeDVl8g=

ms@2.1.2:
  version "2.1.2"
  resolved "https://botbuilder.myget.org/F/botbuilder-v4-js-daily/npm/ms/-/ms-2.1.2.tgz"
  integrity sha1-0J0fNXtEP0kzgqjrPM0YOHKuYAk=

multer@^1.4.5-lts.1:
  version "1.4.5-lts.1"
  resolved "https://botbuilder.myget.org/F/botbuilder-v4-js-daily/npm/multer/-/multer-1.4.5-lts.1.tgz"
  integrity sha1-gD4krRmE9Y7f+8efVuMFrsXP0aw=
  dependencies:
    append-field "^1.0.0"
    busboy "^1.0.0"
    concat-stream "^1.5.2"
    mkdirp "^0.5.4"
    object-assign "^4.1.1"
    type-is "^1.6.4"
    xtend "^4.0.0"

negotiator@0.6.3:
  version "0.6.3"
  resolved "https://botbuilder.myget.org/F/botbuilder-v4-js-daily/npm/negotiator/-/negotiator-0.6.3.tgz"
  integrity sha1-WOMjpy/twNb5zU0x/kn1FHlZDM0=

object-assign@^4, object-assign@^4.1.1:
  version "4.1.1"
  resolved "https://botbuilder.myget.org/F/botbuilder-v4-js-daily/npm/object-assign/-/object-assign-4.1.1.tgz"
  integrity sha1-IQmtx5ZYh8/AXLvUQsrIv7s2CGM=

object-inspect@^1.9.0:
  version "1.12.3"
  resolved "https://botbuilder.myget.org/F/botbuilder-v4-js-daily/npm/object-inspect/-/object-inspect-1.12.3.tgz"
  integrity sha1-umLf/WfuJWyMCG365p4BbNHxmLk=

on-finished@2.4.1:
  version "2.4.1"
  resolved "https://botbuilder.myget.org/F/botbuilder-v4-js-daily/npm/on-finished/-/on-finished-2.4.1.tgz"
  integrity sha1-WMjEQRblSEWtV/FKsQsDUzGErD8=
  dependencies:
    ee-first "1.1.1"

parseurl@~1.3.3:
  version "1.3.3"
  resolved "https://botbuilder.myget.org/F/botbuilder-v4-js-daily/npm/parseurl/-/parseurl-1.3.3.tgz"
  integrity sha1-naGee+6NEt/wUT7Vt2lXeTvC6NQ=

path-to-regexp@0.1.7:
  version "0.1.7"
  resolved "https://botbuilder.myget.org/F/botbuilder-v4-js-daily/npm/path-to-regexp/-/path-to-regexp-0.1.7.tgz"
  integrity sha1-32BBeABfUi8V60SQ5yR6G/qmf4w=

process-nextick-args@~2.0.0:
  version "2.0.1"
  resolved "https://botbuilder.myget.org/F/botbuilder-v4-js-daily/npm/process-nextick-args/-/process-nextick-args-2.0.1.tgz"
  integrity sha1-eCDZsWEgzFXKmud5JoCufbptf+I=

proxy-addr@~2.0.7:
  version "2.0.7"
  resolved "https://botbuilder.myget.org/F/botbuilder-v4-js-daily/npm/proxy-addr/-/proxy-addr-2.0.7.tgz"
  integrity sha1-8Z/mnOqzEe65S0LnDowgcPm6ECU=
  dependencies:
    forwarded "0.2.0"
    ipaddr.js "1.9.1"

psl@^1.1.28:
  version "1.9.0"
  resolved "https://botbuilder.myget.org/F/botbuilder-v4-js-daily/npm/psl/-/psl-1.9.0.tgz"
  integrity sha1-0N8qE38AeUVl/K87LADNCfjVpac=

punycode@^2.1.1:
  version "2.3.0"
  resolved "https://botbuilder.myget.org/F/botbuilder-v4-js-daily/npm/punycode/-/punycode-2.3.0.tgz"
  integrity sha1-9n+mfJTaj00M//mBruQRgGQZm48=

qs@6.11.0:
  version "6.11.0"
  resolved "https://botbuilder.myget.org/F/botbuilder-v4-js-daily/npm/qs/-/qs-6.11.0.tgz"
  integrity sha1-/Q2WNEb3pl4TZ+AavYVClFPww3o=
  dependencies:
    side-channel "^1.0.4"

range-parser@~1.2.1:
  version "1.2.1"
  resolved "https://botbuilder.myget.org/F/botbuilder-v4-js-daily/npm/range-parser/-/range-parser-1.2.1.tgz"
  integrity sha1-PPNwI9GZ4cJNGlW4SADC8+ZGgDE=

raw-body@2.5.1:
  version "2.5.1"
  resolved "https://botbuilder.myget.org/F/botbuilder-v4-js-daily/npm/raw-body/-/raw-body-2.5.1.tgz"
  integrity sha1-/hsWKLGBtwAhXl/UI4n5i3E5KFc=
  dependencies:
    bytes "3.1.2"
    http-errors "2.0.0"
    iconv-lite "0.4.24"
    unpipe "1.0.0"

readable-stream@^2.2.2:
  version "2.3.8"
  resolved "https://botbuilder.myget.org/F/botbuilder-v4-js-daily/npm/readable-stream/-/readable-stream-2.3.8.tgz"
  integrity sha1-kRJegEK7obmIf0k0X2J3Anzovps=
  dependencies:
    core-util-is "~1.0.0"
    inherits "~2.0.3"
    isarray "~1.0.0"
    process-nextick-args "~2.0.0"
    safe-buffer "~5.1.1"
    string_decoder "~1.1.1"
    util-deprecate "~1.0.1"

regenerator-runtime@^0.14.0:
  version "0.14.0"
  resolved "https://botbuilder.myget.org/F/botbuilder-v4-js-daily/npm/regenerator-runtime/-/regenerator-runtime-0.14.0.tgz"
  integrity sha1-XhnWjrEtSG95fhWjxqkY987F60U=

require-directory@^2.1.1:
  version "2.1.1"
  resolved "https://botbuilder.myget.org/F/botbuilder-v4-js-daily/npm/require-directory/-/require-directory-2.1.1.tgz"
  integrity sha1-jGStX9MNqxyXbiNE/+f3kqam30I=

rxjs@^7.8.1:
  version "7.8.1"
  resolved "https://botbuilder.myget.org/F/botbuilder-v4-js-daily/npm/rxjs/-/rxjs-7.8.1.tgz"
  integrity sha1-b289meqARCke/ZLnx/z1YsQFdUM=
  dependencies:
    tslib "^2.1.0"

safe-buffer@^5.0.1, safe-buffer@5.2.1:
  version "5.2.1"
  resolved "https://botbuilder.myget.org/F/botbuilder-v4-js-daily/npm/safe-buffer/-/safe-buffer-5.2.1.tgz"
  integrity sha1-Hq+fqb2x/dTsdfWPnNtOa3gn7sY=

safe-buffer@~5.1.0:
  version "5.1.2"
  resolved "https://botbuilder.myget.org/F/botbuilder-v4-js-daily/npm/safe-buffer/-/safe-buffer-5.1.2.tgz"
  integrity sha1-mR7GnSluAxN0fVm9/St0XDX4go0=

safe-buffer@~5.1.1:
  version "5.1.2"
  resolved "https://botbuilder.myget.org/F/botbuilder-v4-js-daily/npm/safe-buffer/-/safe-buffer-5.1.2.tgz"
  integrity sha1-mR7GnSluAxN0fVm9/St0XDX4go0=

"safer-buffer@>= 2.1.2 < 3":
  version "2.1.2"
  resolved "https://botbuilder.myget.org/F/botbuilder-v4-js-daily/npm/safer-buffer/-/safer-buffer-2.1.2.tgz"
  integrity sha1-RPoWGwGHuVSd2Eu5GAL5vYOFzWo=

semver@^7.5.4:
  version "7.5.4"
  resolved "https://botbuilder.myget.org/F/botbuilder-v4-js-daily/npm/semver/-/semver-7.5.4.tgz"
  integrity sha1-SDmG7E7TjhxsSMNIlKkYLb/2im4=
  dependencies:
    lru-cache "^6.0.0"

send@0.18.0:
  version "0.18.0"
  resolved "https://botbuilder.myget.org/F/botbuilder-v4-js-daily/npm/send/-/send-0.18.0.tgz"
  integrity sha1-ZwFnzGVLBfWqSnZ/kRO7NxvHBr4=
  dependencies:
    debug "2.6.9"
    depd "2.0.0"
    destroy "1.2.0"
    encodeurl "~1.0.2"
    escape-html "~1.0.3"
    etag "~1.8.1"
    fresh "0.5.2"
    http-errors "2.0.0"
    mime "1.6.0"
    ms "2.1.3"
    on-finished "2.4.1"
    range-parser "~1.2.1"
    statuses "2.0.1"

serve-static@1.15.0:
  version "1.15.0"
  resolved "https://botbuilder.myget.org/F/botbuilder-v4-js-daily/npm/serve-static/-/serve-static-1.15.0.tgz"
  integrity sha1-+q7wjP/goaYvYMrQxOUTz/CslUA=
  dependencies:
    encodeurl "~1.0.2"
    escape-html "~1.0.3"
    parseurl "~1.3.3"
    send "0.18.0"

setprototypeof@1.2.0:
  version "1.2.0"
  resolved "https://botbuilder.myget.org/F/botbuilder-v4-js-daily/npm/setprototypeof/-/setprototypeof-1.2.0.tgz"
  integrity sha1-ZsmiSnP5/CjL5msJ/tPTPcrxtCQ=

shell-quote@^1.8.1:
  version "1.8.1"
  resolved "https://botbuilder.myget.org/F/botbuilder-v4-js-daily/npm/shell-quote/-/shell-quote-1.8.1.tgz"
  integrity sha1-bb9Nt1UVrVusY7TxiUw6FUx2ZoA=

side-channel@^1.0.4:
  version "1.0.4"
  resolved "https://botbuilder.myget.org/F/botbuilder-v4-js-daily/npm/side-channel/-/side-channel-1.0.4.tgz"
  integrity sha1-785cj9wQTudRslxY1CkAEfpeos8=
  dependencies:
    call-bind "^1.0.0"
    get-intrinsic "^1.0.2"
    object-inspect "^1.9.0"

sift@16.0.1:
  version "16.0.1"
  resolved "https://botbuilder.myget.org/F/botbuilder-v4-js-daily/npm/sift/-/sift-16.0.1.tgz"
  integrity sha1-6cLMxyGRWFAIzz42/ER7LSYzoFM=

smart-buffer@^4.2.0:
  version "4.2.0"
  resolved "https://botbuilder.myget.org/F/botbuilder-v4-js-daily/npm/smart-buffer/-/smart-buffer-4.2.0.tgz"
  integrity sha1-bh1x+k8YwF99D/IW3RakgdDo2a4=

socks@^2.7.1:
  version "2.7.1"
  resolved "https://botbuilder.myget.org/F/botbuilder-v4-js-daily/npm/socks/-/socks-2.7.1.tgz"
  integrity sha1-2OZRJHF4/eecBmMEPgckAZaFfVU=
  dependencies:
    ip "^2.0.0"
    smart-buffer "^4.2.0"

sparse-bitfield@^3.0.3:
  version "3.0.3"
  resolved "https://botbuilder.myget.org/F/botbuilder-v4-js-daily/npm/sparse-bitfield/-/sparse-bitfield-3.0.3.tgz"
  integrity sha1-/0rm5oZWBWuks+eSqzM004JzyhE=
  dependencies:
    memory-pager "^1.0.2"

spawn-command@0.0.2:
  version "0.0.2"
  resolved "https://botbuilder.myget.org/F/botbuilder-v4-js-daily/npm/spawn-command/-/spawn-command-0.0.2.tgz"
  integrity sha1-lUThpDygRfhTGqwaSMspva5iM44=

statuses@2.0.1:
  version "2.0.1"
  resolved "https://botbuilder.myget.org/F/botbuilder-v4-js-daily/npm/statuses/-/statuses-2.0.1.tgz"
  integrity sha1-VcsADM8dSHKL0jxoWgY5mM8aG2M=

streamsearch@^1.1.0:
  version "1.1.0"
  resolved "https://botbuilder.myget.org/F/botbuilder-v4-js-daily/npm/streamsearch/-/streamsearch-1.1.0.tgz"
  integrity sha1-QE3R4iR8qUr1VOhBqO8OqiONp2Q=

string_decoder@~1.1.1:
  version "1.1.1"
  resolved "https://botbuilder.myget.org/F/botbuilder-v4-js-daily/npm/string_decoder/-/string_decoder-1.1.1.tgz"
  integrity sha1-nPFhG6YmhdcDCunkujQUnDrwP8g=
  dependencies:
    safe-buffer "~5.1.0"

string-width@^4.1.0, string-width@^4.2.0, string-width@^4.2.3:
  version "4.2.3"
  resolved "https://botbuilder.myget.org/F/botbuilder-v4-js-daily/npm/string-width/-/string-width-4.2.3.tgz"
  integrity sha1-JpxxF9J7Ba0uU2gwqOyJXvnG0BA=
  dependencies:
    emoji-regex "^8.0.0"
    is-fullwidth-code-point "^3.0.0"
    strip-ansi "^6.0.1"

strip-ansi@^6.0.0, strip-ansi@^6.0.1:
  version "6.0.1"
  resolved "https://botbuilder.myget.org/F/botbuilder-v4-js-daily/npm/strip-ansi/-/strip-ansi-6.0.1.tgz"
  integrity sha1-nibGPTD1NEPpSJSVshBdN7Z6hdk=
  dependencies:
    ansi-regex "^5.0.1"

supports-color@^7.1.0:
  version "7.2.0"
  resolved "https://botbuilder.myget.org/F/botbuilder-v4-js-daily/npm/supports-color/-/supports-color-7.2.0.tgz"
  integrity sha1-G33NyzK4E4gBs+R4umpRyqiWSNo=
  dependencies:
    has-flag "^4.0.0"

supports-color@^8.1.1:
  version "8.1.1"
  resolved "https://botbuilder.myget.org/F/botbuilder-v4-js-daily/npm/supports-color/-/supports-color-8.1.1.tgz"
  integrity sha1-zW/BfihQDP9WwbhsCn/UpUpzAFw=
  dependencies:
    has-flag "^4.0.0"

toidentifier@1.0.1:
  version "1.0.1"
  resolved "https://botbuilder.myget.org/F/botbuilder-v4-js-daily/npm/toidentifier/-/toidentifier-1.0.1.tgz"
  integrity sha1-O+NDIaiKgg7RvYDfqjPkefu43TU=

tough-cookie@^2.3.2:
  version "2.5.0"
  resolved "https://botbuilder.myget.org/F/botbuilder-v4-js-daily/npm/tough-cookie/-/tough-cookie-2.5.0.tgz"
  integrity sha1-zZ+yoKodWhK0c72fuW+j3P9lreI=
  dependencies:
    psl "^1.1.28"
    punycode "^2.1.1"

tr46@^3.0.0:
  version "3.0.0"
  resolved "https://botbuilder.myget.org/F/botbuilder-v4-js-daily/npm/tr46/-/tr46-3.0.0.tgz"
  integrity sha1-VVxOKXqVBhfo7t3vYzyH1NnWy/k=
  dependencies:
    punycode "^2.1.1"

tree-kill@^1.2.2:
  version "1.2.2"
  resolved "https://botbuilder.myget.org/F/botbuilder-v4-js-daily/npm/tree-kill/-/tree-kill-1.2.2.tgz"
  integrity sha1-TKCakJLIi3OnzcXooBtQeweQoMw=

tslib@^2.1.0:
  version "2.6.2"
  resolved "https://botbuilder.myget.org/F/botbuilder-v4-js-daily/npm/tslib/-/tslib-2.6.2.tgz"
  integrity sha1-cDrClCXns3zW/UVukkBNRtHz5K4=

type-is@^1.6.4, type-is@~1.6.18:
  version "1.6.18"
  resolved "https://botbuilder.myget.org/F/botbuilder-v4-js-daily/npm/type-is/-/type-is-1.6.18.tgz"
  integrity sha1-TlUs0F3wlGfcvE73Od6J8s83wTE=
  dependencies:
    media-typer "0.3.0"
    mime-types "~2.1.24"

typedarray@^0.0.6:
  version "0.0.6"
  resolved "https://botbuilder.myget.org/F/botbuilder-v4-js-daily/npm/typedarray/-/typedarray-0.0.6.tgz"
  integrity sha1-hnrHTjhkGHsdPUfZlqeOxciDB3c=

unpipe@~1.0.0, unpipe@1.0.0:
  version "1.0.0"
  resolved "https://botbuilder.myget.org/F/botbuilder-v4-js-daily/npm/unpipe/-/unpipe-1.0.0.tgz"
  integrity sha1-sr9O6FFKrmFltIF4KdIbLvSZBOw=

util-deprecate@~1.0.1:
  version "1.0.2"
  resolved "https://botbuilder.myget.org/F/botbuilder-v4-js-daily/npm/util-deprecate/-/util-deprecate-1.0.2.tgz"
  integrity sha1-RQ1Nyfpw3nMnYvvS1KKJgUGaDM8=

utils-merge@1.0.1:
  version "1.0.1"
  resolved "https://botbuilder.myget.org/F/botbuilder-v4-js-daily/npm/utils-merge/-/utils-merge-1.0.1.tgz"
  integrity sha1-n5VxD1CiZ5R7LMwSR0HBAoQn5xM=

valid-url@^1.0.9:
  version "1.0.9"
  resolved "https://botbuilder.myget.org/F/botbuilder-v4-js-daily/npm/valid-url/-/valid-url-1.0.9.tgz"
  integrity sha1-HBRHm0DxOXp1eC8RXkCGRHQzogA=

vary@^1, vary@~1.1.2:
  version "1.1.2"
  resolved "https://botbuilder.myget.org/F/botbuilder-v4-js-daily/npm/vary/-/vary-1.1.2.tgz"
  integrity sha1-IpnwLG3tMNSllhsLn3RSShj2NPw=

webidl-conversions@^7.0.0:
  version "7.0.0"
  resolved "https://botbuilder.myget.org/F/botbuilder-v4-js-daily/npm/webidl-conversions/-/webidl-conversions-7.0.0.tgz"
  integrity sha1-JWtOGIK+feu/AdBfCqIDl3jqCAo=

whatwg-url@^11.0.0:
  version "11.0.0"
  resolved "https://botbuilder.myget.org/F/botbuilder-v4-js-daily/npm/whatwg-url/-/whatwg-url-11.0.0.tgz"
  integrity sha1-CoSe67X68hGbkBu3b9eVwoSNQBg=
  dependencies:
    tr46 "^3.0.0"
    webidl-conversions "^7.0.0"

wrap-ansi@^7.0.0:
  version "7.0.0"
  resolved "https://botbuilder.myget.org/F/botbuilder-v4-js-daily/npm/wrap-ansi/-/wrap-ansi-7.0.0.tgz"
  integrity sha1-Z+FFz/UQpqaYS98RUpEdadLrnkM=
  dependencies:
    ansi-styles "^4.0.0"
    string-width "^4.1.0"
    strip-ansi "^6.0.0"

xtend@^4.0.0:
  version "4.0.2"
  resolved "https://botbuilder.myget.org/F/botbuilder-v4-js-daily/npm/xtend/-/xtend-4.0.2.tgz"
  integrity sha1-u3J3n1+kZRhrH0OPZ0+jR/2121Q=

y18n@^5.0.5:
  version "5.0.8"
  resolved "https://botbuilder.myget.org/F/botbuilder-v4-js-daily/npm/y18n/-/y18n-5.0.8.tgz"
  integrity sha1-f0k00PfKjFb5UxSTndzS3ZHOHVU=

yallist@^4.0.0:
  version "4.0.0"
  resolved "https://botbuilder.myget.org/F/botbuilder-v4-js-daily/npm/yallist/-/yallist-4.0.0.tgz"
  integrity sha1-m7knkNnA7/7GO+c1GeEaNQGaOnI=

yargs-parser@^21.1.1:
  version "21.1.1"
  resolved "https://botbuilder.myget.org/F/botbuilder-v4-js-daily/npm/yargs-parser/-/yargs-parser-21.1.1.tgz"
  integrity sha1-kJa87r+ZDSG7MfqVFuDt4pSnfTU=

yargs@^17.7.2:
  version "17.7.2"
  resolved "https://botbuilder.myget.org/F/botbuilder-v4-js-daily/npm/yargs/-/yargs-17.7.2.tgz"
  integrity sha1-mR3zmspnWhkrgW4eA2P5110qomk=
  dependencies:
    cliui "^8.0.1"
    escalade "^3.1.1"
    get-caller-file "^2.0.5"
    require-directory "^2.1.1"
    string-width "^4.2.3"
    y18n "^5.0.5"
    yargs-parser "^21.1.1"
